
Microsoft Visual Studio Solution File, Format Version 12.00
# Visual Studio Version 16
VisualStudioVersion = 16.0.31424.327
MinimumVisualStudioVersion = 10.0.40219.1
Project("{FAE04EC0-301F-11D3-BF4B-00C04F79EFBC}") = "manejoArchivos2308", "manejoArchivos2308\manejoArchivos2308.csproj", "{5DE60496-EC94-4ED1-BC7D-9C484D489D2C}"
EndProject
Global
	GlobalSection(SolutionConfigurationPlatforms) = preSolution
		Debug|Any CPU = Debug|Any CPU
		Release|Any CPU = Release|Any CPU
	EndGlobalSection
	GlobalSection(ProjectConfigurationPlatforms) = postSolution
		{5DE60496-EC94-4ED1-BC7D-9C484D489D2C}.Debug|Any CPU.ActiveCfg = Debug|Any CPU
		{5DE60496-EC94-4ED1-BC7D-9C484D489D2C}.Debug|Any CPU.Build.0 = Debug|Any CPU
		{5DE60496-EC94-4ED1-BC7D-9C484D489D2C}.Release|Any CPU.ActiveCfg = Release|Any CPU
		{5DE60496-EC94-4ED1-BC7D-9C484D489D2C}.Release|Any CPU.Build.0 = Release|Any CPU
	EndGlobalSection
	GlobalSection(SolutionProperties) = preSolution
		HideSolutionNode = FALSE
	EndGlobalSection
	GlobalSection(ExtensibilityGlobals) = postSolution
		SolutionGuid = {A6F691DD-83D6-4B82-8CE6-6DAC02545746}
	EndGlobalSection
EndGlobal
